
Microsoft Visual Studio Solution File, Format Version 12.00
# Visual Studio Version 17
VisualStudioVersion = 17.4.33103.184
MinimumVisualStudioVersion = 10.0.40219.1
Project("{FAE04EC0-301F-11D3-BF4B-00C04F79EFBC}") = "ScholarHat", "ScholarHat.csproj", "{7BC0FAB4-6FE6-4BCE-94BF-2F763C772EDD}"
EndProject
Global
	GlobalSection(SolutionConfigurationPlatforms) = preSolution
		Debug|Any CPU = Debug|Any CPU
		Release|Any CPU = Release|Any CPU
	EndGlobalSection
	GlobalSection(ProjectConfigurationPlatforms) = postSolution
		{7BC0FAB4-6FE6-4BCE-94BF-2F763C772EDD}.Debug|Any CPU.ActiveCfg = Debug|Any CPU
		{7BC0FAB4-6FE6-4BCE-94BF-2F763C772EDD}.Debug|Any CPU.Build.0 = Debug|Any CPU
		{7BC0FAB4-6FE6-4BCE-94BF-2F763C772EDD}.Release|Any CPU.ActiveCfg = Release|Any CPU
		{7BC0FAB4-6FE6-4BCE-94BF-2F763C772EDD}.Release|Any CPU.Build.0 = Release|Any CPU
	EndGlobalSection
	GlobalSection(SolutionProperties) = preSolution
		HideSolutionNode = FALSE
	EndGlobalSection
	GlobalSection(ExtensibilityGlobals) = postSolution
		SolutionGuid = {73AFF261-F6D8-4B7D-A9A3-7ED6E7EAAEB9}
	EndGlobalSection
EndGlobal
